
Microsoft Visual Studio Solution File, Format Version 12.00
# Visual Studio Version 17
VisualStudioVersion = 17.8.34316.72
MinimumVisualStudioVersion = 10.0.40219.1
Project("{FAE04EC0-301F-11D3-BF4B-00C04F79EFBC}") = "App", "App\App.csproj", "{28CBA55F-873A-40B6-A91B-714F9F3BC63E}"
EndProject
Project("{2150E333-8FDC-42A3-9474-1A3956D46DE8}") = "Notes", "Notes", "{22B2B7E6-F6AE-409B-B882-AE0A26499967}"
	ProjectSection(SolutionItems) = preProject
		PM-intro.txt = PM-intro.txt
		Testing.txt = Testing.txt
	EndProjectSection
EndProject
Project("{FAE04EC0-301F-11D3-BF4B-00C04F79EFBC}") = "Tests", "Tests\Tests.csproj", "{59A2744F-E862-4DB0-B95A-FF1F7E178437}"
EndProject
Global
	GlobalSection(SolutionConfigurationPlatforms) = preSolution
		Debug|Any CPU = Debug|Any CPU
		Release|Any CPU = Release|Any CPU
	EndGlobalSection
	GlobalSection(ProjectConfigurationPlatforms) = postSolution
		{28CBA55F-873A-40B6-A91B-714F9F3BC63E}.Debug|Any CPU.ActiveCfg = Debug|Any CPU
		{28CBA55F-873A-40B6-A91B-714F9F3BC63E}.Debug|Any CPU.Build.0 = Debug|Any CPU
		{28CBA55F-873A-40B6-A91B-714F9F3BC63E}.Release|Any CPU.ActiveCfg = Release|Any CPU
		{28CBA55F-873A-40B6-A91B-714F9F3BC63E}.Release|Any CPU.Build.0 = Release|Any CPU
		{59A2744F-E862-4DB0-B95A-FF1F7E178437}.Debug|Any CPU.ActiveCfg = Debug|Any CPU
		{59A2744F-E862-4DB0-B95A-FF1F7E178437}.Debug|Any CPU.Build.0 = Debug|Any CPU
		{59A2744F-E862-4DB0-B95A-FF1F7E178437}.Release|Any CPU.ActiveCfg = Release|Any CPU
		{59A2744F-E862-4DB0-B95A-FF1F7E178437}.Release|Any CPU.Build.0 = Release|Any CPU
	EndGlobalSection
	GlobalSection(SolutionProperties) = preSolution
		HideSolutionNode = FALSE
	EndGlobalSection
	GlobalSection(ExtensibilityGlobals) = postSolution
		SolutionGuid = {6D7B18E7-6017-49F1-A99D-4A043053B02E}
	EndGlobalSection
EndGlobal
